dependencies:
  bblanchon/arduinojson:
    component_hash: 5e6aff2bc5bc988b36c8e90c01e637495ee895ad3af93911860c21ec6da79b6a
    dependencies: []
    source:
      registry_url: https://components.espressif.com/
      type: service
    version: 7.4.3
  chmorgan/esp-libhelix-mp3:
    component_hash: cbb76089dc2c5749f7b470e2e70aedc44c9da519e04eb9a67d4c7ec275229e53
    dependencies:
    - name: idf
      require: private
      version: '>=4.1.0'
    source:
      registry_url: https://components.espressif.com
      type: service
    version: 1.0.3
  espressif/arduino-esp32:
    component_hash: 114b2919149b9229fd1faa227738dc66a63fff6c7409c0f7f69ab146508c0e25
    dependencies:
    - name: chmorgan/esp-libhelix-mp3
      registry_url: https://components.espressif.com
      require: private
      version: 1.0.3
    - name: espressif/cjson
      registry_url: https://components.espressif.com
      require: private
      rules:
      - if: idf_version >= 6.0
      version: ^1.7.19~2
    - name: espressif/dm9051
      registry_url: https://components.espressif.com
      require: private
      rules:
      - if: idf_version >= 6.0 && target != esp32c2
      version: ^1.1.0
    - name: espressif/esp-dsp
      registry_url: https://components.espressif.com
      require: private
      rules:
      - if: target not in [esp32c2, esp32c61]
      version: ^1.8.0
    - name: espressif/esp-modbus
      registry_url: https://components.espressif.com
      require: private
      version: ^2.1.3
    - name: espressif/esp-sr
      registry_url: https://components.espressif.com
      require: private
      rules:
      - if: target in [esp32s3, esp32p4]
      version: ^2.5.3
    - name: espressif/esp-zigbee-lib
      registry_url: https://components.espressif.com
      require: private
      rules:
      - if: target not in [esp32c2, esp32c61, esp32p4]
      version: ^2.0.4
    - name: espressif/esp_hosted
      registry_url: https://components.espressif.com
      require: private
      rules:
      - if: target == esp32p4
      version: ^2.12.13
    - name: espressif/esp_insights
      registry_url: https://components.espressif.com
      require: private
      rules:
      - if: target not in [esp32c2, esp32p4]
      version: '>=1.3.4'
    - name: espressif/esp_modem
      registry_url: https://components.espressif.com
      require: private
      version: ^2.0.2
    - name: espressif/esp_rainmaker
      registry_url: https://components.espressif.com
      require: private
      rules:
      - if: target not in [esp32c2, esp32p4]
      version: '>=1.16.0'
    - name: espressif/esp_wifi_remote
      registry_url: https://components.espressif.com
      require: private
      rules:
      - if: target == esp32p4
      version: ^1.2.2
    - name: espressif/ksz8851snl
      registry_url: https://components.espressif.com
      require: private
      rules:
      - if: idf_version >= 6.0 && target != esp32c2
      version: ^1.0.0
    - name: espressif/lan867x
      registry_url: https://components.espressif.com
      require: private
      rules:
      - if: target in [esp32, esp32p4]
      version: ^2.0.0
    - name: espressif/libsodium
      registry_url: https://components.espressif.com
      require: private
      version: ^1.0.22~1
    - name: espressif/mdns
      registry_url: https://components.espressif.com
      require: private
      version: ^1.11.2
    - name: espressif/qrcode
      registry_url: https://components.espressif.com
      require: private
      rules:
      - if: target not in [esp32c2, esp32p4]
      version: 0.2.0
    - name: espressif/w5500
      registry_url: https://components.espressif.com
      require: private
      rules:
      - if: idf_version >= 6.0 && target != esp32c2
      version: ^1.0.1
    - name: idf
      require: private
      version: '>=5.3,<6.2'
    - name: joltwallet/littlefs
      registry_url: https://components.espressif.com
      require: private
      version: ^1.22.1
    source:
      registry_url: https://components.espressif.com/
      type: service
    targets:
    - esp32
    - esp32c2
    - esp32c3
    - esp32c5
    - esp32c6
    - esp32c61
    - esp32h2
    - esp32p4
    - esp32s2
    - esp32s3
    - esp32s31
    version: 4.0.0-rc1
  espressif/button:
    component_hash: a1f34e8ed2e61ffef1a230fd9477005c2db335c7e1f6a239f43e5f119dcbe1b0
    dependencies:
    - name: espressif/cmake_utilities
      registry_url: https://components.espressif.com
      require: private
      version: '*'
    - name: idf
      require: private
      version: '>=4.0'
    source:
      registry_url: https://components.espressif.com
      type: service
    version: 4.2.1
  espressif/cbor:
    component_hash: dad9ca860963e930366510a10b422b3125a4fb27b979712ed65efcbcd742de50
    dependencies:
    - name: idf
      require: private
      version: '>=5.0'
    source:
      registry_url: https://components.espressif.com
      type: service
    version: 0.6.1~4
  espressif/cjson:
    component_hash: e788323270d90738662d66fffa910bfe1fba019bba087f01557e70c40485b469
    dependencies:
    - name: idf
      require: private
      version: '>=5.0'
    source:
      registry_url: https://components.espressif.com
      type: service
    version: 1.7.19~2
  espressif/cmake_utilities:
    component_hash: 351350613ceafba240b761b4ea991e0f231ac7a9f59a9ee901f751bddc0bb18f
    dependencies:
    - name: idf
      require: private
      version: '>=4.1'
    source:
      registry_url: https://components.espressif.com
      type: service
    version: 0.5.3
  espressif/dm9051:
    component_hash: 52d13af7181a1d7cc2ca2958e640e395a1c825a8d6467540a526b8b7f115bdb4
    dependencies:
    - name: idf
      require: private
      version: '>=6.0'
    source:
      registry_url: https://components.espressif.com
      type: service
    version: 1.1.1
  espressif/esp-dsp:
    component_hash: ed9ac175b14e0414399a2b33c525579414b5bad19a2a67b12ea212def96f9a98
    dependencies:
    - name: idf
      require: private
      version: '>=4.2'
    source:
      registry_url: https://components.espressif.com
      type: service
    version: 1.8.2
  espressif/esp-modbus:
    component_hash: 26a64a9531b5e15a1bbdb9064f2f8715df5b150bfb821dd493174a5aa7566bf8
    dependencies:
    - name: idf
      require: private
      version: '>=5.0'
    source:
      registry_url: https://components.espressif.com
      type: service
    version: 2.1.4
  espressif/esp-zigbee-lib:
    component_hash: d508f9b91c4b1973e6563fe840923fad2f15b23637f3d743dba1f5a719e1baab
    dependencies:
    - name: idf
      require: private
      version: '>=5.0'
    source:
      registry_url: https://components.espressif.com
      type: service
    version: 2.0.4
  espressif/esp32_s31_korvo_1:
    component_hash: f5355cee24084c4a78c8a618e671297acae56b42bd6c8886be23cf0695ee22b6
    dependencies:
    - name: espressif/button
      registry_url: https://components.espressif.com
      require: public
      version: ^4
    - name: espressif/esp_codec_dev
      registry_url: https://components.espressif.com
      require: public
      version: ~1.5
    - name: espressif/esp_video
      registry_url: https://components.espressif.com
      require: public
      version: ~2.2
    - name: espressif/esp_lcd_touch_gt1151
      registry_url: https://components.espressif.com
      require: private
      version: '*'
    - name: espressif/esp_lvgl_port
      registry_url: https://components.espressif.com
      require: public
      version: ^2
    - name: idf
      require: private
      version: '>=5.4'
    - name: espressif/led_indicator
      registry_url: https://components.espressif.com
      require: public
      version: ^2
    - name: espressif/usb
      registry_url: https://components.espressif.com
      require: public
      version: ^1
    source:
      registry_url: https://components.espressif.com/
      type: service
    targets:
    - esp32s31
    version: 1.0.0~1
  espressif/esp_cam_sensor:
    component_hash: 0a2775d95fae99449bb4c044feab6d887e9db309602fad8df6c3fc58bc6e1b6d
    dependencies:
    - name: espressif/cmake_utilities
      registry_url: https://components.espressif.com
      require: private
      version: 0.*
    - name: espressif/esp_sccb_intf
      registry_url: https://components.espressif.com
      require: private
      version: '>=0.0.5'
    - name: idf
      require: private
      version: '>=5.3'
    source:
      registry_url: https://components.espressif.com
      type: service
    targets:
    - esp32p4
    - esp32s3
    - esp32c3
    - esp32c5
    - esp32c6
    - esp32c61
    - esp32s31
    version: 2.2.0
  espressif/esp_codec_dev:
    component_hash: df70f10af8d7b922add7b9d07372c9c97ab356e58d72b7a892050227c2d44348
    dependencies:
    - name: idf
      require: private
      version: '>=4.0'
    source:
      registry_url: https://components.espressif.com
      type: service
    version: 1.5.11
  espressif/esp_daylight:
    component_hash: e27629eb7e12da9e6d01c646e0e4ce6358b977b6f89d4f291a4cc1aea755af94
    dependencies:
    - name: idf
      require: private
      version: '>=5.1'
    source:
      registry_url: https://components.espressif.com
      type: service
    version: 1.0.1
  espressif/esp_diag_data_store:
    component_hash: 1967397300fbea608f688f71365b298a613eed48b694ee236cc60e6d06fda086
    dependencies:
    - name: idf
      require: private
      version: '>=5.1'
    source:
      registry_url: https://components.espressif.com
      type: service
    version: 1.1.1
  espressif/esp_diagnostics:
    component_hash: f91cd5bd3d6a9be134d7196bdecd5336825ab3fa37eab482647b07a6dabaa842
    dependencies:
    - name: espressif/rmaker_common
      registry_url: https://components.espressif.com
      require: private
      version: ^1.5
    - name: idf
      require: private
      version: '>=5.1'
    source:
      registry_url: https://components.espressif.com
      type: service
    version: 1.3.4
  espressif/esp_insights:
    component_hash: 102d0a141d5123a5ebb827832f73fcc4135aefed6c38fca98e7b655bd18735c5
    dependencies:
    - name: espressif/cbor
      registry_url: https://components.espressif.com
      require: private
      version: ~0.6
    - name: espressif/esp_diag_data_store
      registry_url: https://components.espressif.com
      require: private
      version: ~1.1.1
    - name: espressif/esp_diagnostics
      registry_url: https://components.espressif.com
      require: private
      version: '>=1.3.0'
    - name: espressif/rmaker_common
      registry_url: https://components.espressif.com
      require: private
      version: ^1.5
    - name: idf
      require: private
      version: '>=5.1'
    source:
      registry_url: https://components.espressif.com
      type: service
    version: 1.3.4
  espressif/esp_lcd_touch:
    component_hash: 3f85a7d95af876f1a6ecca8eb90a81614890d0f03a038390804e5a77e2caf862
    dependencies:
    - name: idf
      require: private
      version: '>=4.4.2'
    source:
      registry_url: https://components.espressif.com
      type: service
    version: 1.2.1
  espressif/esp_lcd_touch_gt1151:
    component_hash: b00201a367fd60092db414efd2f477b36cb58d3bd66cef631165d628a7fe982c
    dependencies:
    - name: espressif/esp_lcd_touch
      registry_url: https://components.espressif.com
      require: public
      version: ^1.2.0
    - name: idf
      require: private
      version: '>=5.2'
    source:
      registry_url: https://components.espressif.com/
      type: service
    version: 1.1.1
  espressif/esp_lvgl_port:
    component_hash: d3c020b45c3dfc0d1706a83b63a1c34a6eb444a6e935f9afff79f92b7b94dcef
    dependencies:
    - name: idf
      require: private
      version: '>=5.2'
    - name: lvgl/lvgl
      registry_url: https://components.espressif.com
      require: public
      version: '>=8,<10'
    source:
      registry_url: https://components.espressif.com
      type: service
    version: 2.9.0
  espressif/esp_modem:
    component_hash: 06abed971065e9cb88039e011fd85ec1412c7416d3a3d84541a7a432e8d3f94d
    dependencies:
    - name: idf
      require: private
      version: '>=4.1'
    source:
      registry_url: https://components.espressif.com
      type: service
    version: 2.1.0
  espressif/esp_rainmaker:
    component_hash: 0f0f781677173826eee568d53f04b27e44fbe72c2bfc21929e4a5239fbe831d2
    dependencies:
    - name: espressif/cbor
      registry_url: https://components.espressif.com
      require: private
      version: ~0.6
    - name: espressif/esp_schedule
      registry_url: https://components.espressif.com
      require: private
      version: ~1.3.2
    - name: espressif/esp_secure_cert_mgr
      registry_url: https://components.espressif.com
      require: private
      version: ^2.2.1
    - name: espressif/json_generator
      registry_url: https://components.espressif.com
      require: private
      version: ~1.1.1
    - name: espressif/json_parser
      registry_url: https://components.espressif.com
      require: private
      version: ~1.0.3
    - name: espressif/mdns
      registry_url: https://components.espressif.com
      require: private
      version: ^1.9.0
    - name: espressif/network_provisioning
      registry_url: https://components.espressif.com
      require: private
      rules:
      - if: idf_version >= 5.1
      - if: target not in [linux]
      version: '>=1.*'
    - name: espressif/rmaker_common
      registry_url: https://components.espressif.com
      require: private
      version: '>=1.8.2'
    - name: idf
      require: private
      version: '>=5.1'
    source:
      registry_url: https://components.espressif.com
      type: service
    version: 1.16.1
  espressif/esp_sccb_intf:
    component_hash: eb6a7d5c992f09583c163b2e3f5e95a0fdc87a2d9f8e026f3e59153935553889
    dependencies:
    - name: idf
      require: private
      version: '>=5.3'
    source:
      registry_url: https://components.espressif.com
      type: service
    version: 0.0.9
  espressif/esp_schedule:
    component_hash: 52d305300abcee86034c309eb200feb2dfbc95fcbfc5b7b9dcd137763a995dbf
    dependencies:
    - name: espressif/esp_daylight
      registry_url: https://components.espressif.com
      require: private
      version: ~1.0.1
    - name: idf
      require: private
      version: '>=5.1'
    source:
      registry_url: https://components.espressif.com
      type: service
    version: 1.3.3
  espressif/esp_secure_cert_mgr:
    component_hash: 0b83e150f48d6839f0a0a8753850be55a51cc298cfca7658f21d355d5f41dd67
    dependencies:
    - name: idf
      require: private
      version: '>=4.3'
    source:
      registry_url: https://components.espressif.com
      type: service
    version: 2.9.3
  espressif/esp_video:
    component_hash: d3c27c05433c0ff4d57e544fcdce891fa2497debf2f006d5ff452c4eb4e7fced
    dependencies:
    - name: espressif/cmake_utilities
      registry_url: https://components.espressif.com
      require: private
      version: 0.*
    - name: espressif/esp_cam_sensor
      registry_url: https://components.espressif.com
      require: private
      version: 2.2.*
    - name: espressif/esp_h264
      registry_url: https://components.espressif.com
      require: private
      rules:
      - if: target in [esp32p4]
      version: 1.3.0
    - name: espressif/esp_ipa
      registry_url: https://components.espressif.com
      require: private
      rules:
      - if: target in [esp32p4]
      version: 2.1.*
    - name: idf
      require: private
      version: '>=5.4'
    - name: espressif/usb_host_uvc
      registry_url: https://components.espressif.com
      require: private
      rules:
      - if: target in [esp32p4, esp32s3, esp32s31]
      version: 2.5.*
    source:
      registry_url: https://components.espressif.com
      type: service
    targets:
    - esp32p4
    - esp32s3
    - esp32c3
    - esp32c5
    - esp32c6
    - esp32c61
    - esp32s31
    version: 2.2.0
  espressif/jsmn:
    component_hash: d80350c41bbaa827c98a25b6072df00884e72f54885996fab4a4f0aebce6b6c3
    dependencies:
    - name: idf
      require: private
      version: '>=4.3'
    source:
      registry_url: https://components.espressif.com
      type: service
    version: 1.1.0
  espressif/json_generator:
    component_hash: 45033e1c199b13f1c8c1b544fb7d4e2df6a8e3071ebdcb1b22582b61a7974ff2
    dependencies: []
    source:
      registry_url: https://components.espressif.com
      type: service
    version: 1.1.2
  espressif/json_parser:
    component_hash: d74b81729ad06ec11ff5eb5b1b0d7df1d00e6027fc11471f4b139c70dcf1b1e4
    dependencies:
    - name: espressif/jsmn
      registry_url: https://components.espressif.com
      require: private
      rules:
      - if: idf_version >=5.0
      version: ~1.1
    source:
      registry_url: https://components.espressif.com
      type: service
    version: 1.0.3
  espressif/ksz8851snl:
    component_hash: 248c4eafb0359941810a304f197ec9c3a5a898a89d18a12dae29343ad869f6bd
    dependencies:
    - name: idf
      require: private
      version: '>=6.0'
    source:
      registry_url: https://components.espressif.com
      type: service
    version: 1.2.0
  espressif/led_indicator:
    component_hash: 0694f655b0f0b7694592cfbb5a44ba33840847c5ca44eb639eec8570a4094cd4
    dependencies:
    - name: espressif/cmake_utilities
      registry_url: https://components.espressif.com
      require: private
      version: '*'
    - name: idf
      require: private
      version: '>=5.0'
    - name: espressif/led_strip
      registry_url: https://components.espressif.com
      require: public
      version: 3.*
    source:
      registry_url: https://components.espressif.com
      type: service
    version: 2.1.2
  espressif/led_strip:
    component_hash: 28621486f77229aaf81c71f5e15d6fbf36c2949cf11094e07090593e659e7639
    dependencies:
    - name: idf
      require: private
      version: '>=5.0'
    source:
      registry_url: https://components.espressif.com
      type: service
    version: 3.0.3
  espressif/libsodium:
    component_hash: d4066b373fc6d4c5196db42aeea7faef4ac7f3080af96c2b74e2476c08b78dc1
    dependencies:
    - name: idf
      require: private
      version: '>=4.2'
    source:
      registry_url: https://components.espressif.com
      type: service
    version: 1.0.22~1
  espressif/mdns:
    component_hash: b679eafd0acae2066e2645bd91d073e33ca5be515e2545cd3c4e55a3e3bce3cb
    dependencies:
    - name: idf
      require: private
      version: '>=5.0'
    source:
      registry_url: https://components.espressif.com
      type: service
    version: 1.13.1
  espressif/mqtt:
    component_hash: fb18bc3b65aa8c94693a9811ffc322cca8a65d92d5ec84983d3e385080e3969c
    dependencies:
    - name: idf
      require: private
      version: '>=5.3'
    source:
      registry_url: https://components.espressif.com
      type: service
    version: 1.1.0
  espressif/network_provisioning:
    component_hash: 8b2be80f0e2fada0cc3b3c845db72cd096752faa74cdf3b048c3acf0d0dc1d66
    dependencies:
    - name: espressif/cjson
      registry_url: https://components.espressif.com
      require: private
      rules:
      - if: idf_version >= 6.0
      version: ^1.7.19
    - name: idf
      require: private
      version: '>=5.1'
    source:
      registry_url: https://components.espressif.com
      type: service
    version: 1.2.5
  espressif/qrcode:
    component_hash: 31e70991ce22f28d73a4386417fc9c0993f61e1aab1832474fd9e3db8da9dcbd
    dependencies: []
    source:
      registry_url: https://components.espressif.com
      type: service
    version: 0.2.0
  espressif/rmaker_cmd_resp:
    component_hash: 343ccd5d3a2789ecb241f9de5ac7f67fc39db126c1af139116a20c9a6e3669f3
    dependencies:
    - name: idf
      require: private
      version: '>=5.1'
    source:
      registry_url: https://components.espressif.com
      type: service
    version: 1.0.0
  espressif/rmaker_common:
    component_hash: bfb0fc9a19686e4fc61da00e10d1db03fecb712d79d2a34c5fbb3fd41ef5f026
    dependencies:
    - name: espressif/mqtt
      registry_url: https://components.espressif.com
      require: private
      rules:
      - if: idf_version >=6.0.0
      version: '*'
    - name: espressif/rmaker_cmd_resp
      registry_url: https://components.espressif.com
      require: private
      version: ^1.0.0
    - name: espressif/rmaker_common_events
      registry_url: https://components.espressif.com
      require: private
      version: ^1.1.0
    - name: espressif/rmaker_console
      registry_url: https://components.espressif.com
      require: private
      version: ^1.0.0
    - name: espressif/rmaker_system_ctrl
      registry_url: https://components.espressif.com
      require: private
      version: ^1.0.0
    - name: espressif/rmaker_time_sync
      registry_url: https://components.espressif.com
      require: private
      version: ^1.0.2
    - name: espressif/rmaker_work_queue
      registry_url: https://components.espressif.com
      require: private
      version: ^1.0.0
    - name: idf
      require: private
      version: '>=5.1'
    source:
      registry_url: https://components.espressif.com
      type: service
    version: 1.9.0
  espressif/rmaker_common_events:
    component_hash: 57df0770974627a57a2c4d459a4ec93d707d2b9c029966128ddf262fed982c5d
    dependencies:
    - name: idf
      require: private
      version: '>=5.1'
    source:
      registry_url: https://components.espressif.com
      type: service
    version: 1.1.0
  espressif/rmaker_console:
    component_hash: 22f38fe0ec9c84257427dad9a92e09ddbba48a6278eae42b0b167589f0e79f20
    dependencies:
    - name: espressif/rmaker_system_ctrl
      registry_url: https://components.espressif.com
      require: private
      version: ^1.0.0
    - name: espressif/rmaker_time_sync
      registry_url: https://components.espressif.com
      require: private
      version: ^1.0.0
    - name: idf
      require: private
      version: '>=5.1'
    source:
      registry_url: https://components.espressif.com
      type: service
    version: 1.0.1
  espressif/rmaker_system_ctrl:
    component_hash: b4208fbc7e99b30fb1d272cbd30e578327079a6495499d12fb466b6c2fc0d899
    dependencies:
    - name: espressif/rmaker_common_events
      registry_url: https://components.espressif.com
      require: private
      version: ^1.0.0
    - name: idf
      require: private
      version: '>=5.1'
    source:
      registry_url: https://components.espressif.com
      type: service
    version: 1.0.0
  espressif/rmaker_time_sync:
    component_hash: 5797d2fcd903cad6e9142981e1d0602d7b5efa2c9197a72da8d2e05be7ef568b
    dependencies:
    - name: espressif/rmaker_common_events
      registry_url: https://components.espressif.com
      require: private
      version: ^1.0.0
    - name: idf
      require: private
      version: '>=5.1'
    source:
      registry_url: https://components.espressif.com
      type: service
    version: 1.0.2
  espressif/rmaker_work_queue:
    component_hash: 7d2a9ee4e0343eb36e1816e987dde7babe892b99873c8dc5bae15e647a0e4028
    dependencies:
    - name: idf
      require: private
      version: '>=5.1'
    source:
      registry_url: https://components.espressif.com
      type: service
    version: 1.0.0
  espressif/usb:
    component_hash: 6c2cff118141dbbca181d0d27d71801fdddfc78f7ac03ae43f6e5a8cbd89cb99
    dependencies:
    - name: idf
      require: private
      version: '>=5.5.3'
    source:
      registry_url: https://components.espressif.com
      type: service
    targets:
    - esp32s2
    - esp32s3
    - esp32s31
    - esp32p4
    - esp32h4
    - linux
    version: 1.5.0
  espressif/usb_host_uvc:
    component_hash: ecb2604b71cb5a65d64e5f441be54793b1838096043ad8cf1fa0d3012de18a9a
    dependencies:
    - name: idf
      require: private
      version: '>=5.0'
    - name: espressif/usb
      registry_url: https://components.espressif.com
      require: public
      rules:
      - if: idf_version >=6.0
      - if: target not in ["linux"]
      version: ^1.0.0
    source:
      registry_url: https://components.espressif.com
      type: service
    targets:
    - esp32s2
    - esp32s3
    - esp32p4
    - esp32h4
    - esp32s31
    - linux
    version: 2.5.2
  espressif/w5500:
    component_hash: e6e47022a1f509d1d1197652a554aea84a8cd4d99161061e187ecf4b78a7f6ca
    dependencies:
    - name: idf
      require: private
      version: '>=6.0'
    source:
      registry_url: https://components.espressif.com
      type: service
    version: 1.0.1
  idf:
    source:
      type: idf
    version: 6.1.0
  joltwallet/littlefs:
    component_hash: 3af20a3d75c49db9dc2286fd50862c34055c9f578419ad1f2bf7ed3ed01391fe
    dependencies:
    - name: idf
      require: private
      version: '>=5.0'
    source:
      registry_url: https://components.espressif.com
      type: service
    version: 1.22.3
  lvgl/lvgl:
    component_hash: d5e723db3a3feca71e34e333a6598b7624e3822577d374e1d44f0e18374952e1
    dependencies:
    - name: espressif/freetype
      registry_url: https://components.espressif.com
      require: private
      rules:
      - if: idf_version >=5.5 && $CONFIG{LV_USE_FREETYPE} == True
      version: ^2.14.3
    - name: espressif/libjpeg-turbo
      registry_url: https://components.espressif.com
      require: private
      rules:
      - if: idf_version >=5.5 && $CONFIG{LV_USE_LIBJPEG_TURBO} == True
      version: ^3.1.1
    - name: espressif/libpng
      registry_url: https://components.espressif.com
      require: private
      rules:
      - if: idf_version >=5.5 && $CONFIG{LV_USE_LIBPNG} == True
      version: ^1.6.58
    - name: espressif/lz4
      registry_url: https://components.espressif.com
      require: private
      rules:
      - if: idf_version >=5.5 && $CONFIG{LV_USE_LZ4} == True && $CONFIG{LV_USE_LZ4_INTERNAL} == False
      version: ^1.10.0
    source:
      registry_url: https://components.espressif.com
      type: service
    version: 9.6.0
direct_dependencies:
- bblanchon/arduinojson
- espressif/arduino-esp32
- espressif/esp32_s31_korvo_1
- espressif/esp_lcd_touch_gt1151
- idf
manifest_hash: 23e916269665d8034445b35b79e7428e5f566d9d3cd4cb4bd40b7a19012574a5
target: esp32s31
version: 3.0.0
